// !$*UTF8*$!
{
	archiveVersion = 1;
	classes = {
	};
	objectVersion = 56;
	objects = {

/* Begin PBXBuildFile section */
		771088132B0B9C1F00771021 /* Beer.swift in Sources */ = {isa = PBXBuildFile; fileRef = 771088122B0B9C1F00771021 /* Beer.swift */; };
		771088152B0B9CDD00771021 /* BeerController.swift in Sources */ = {isa = PBXBuildFile; fileRef = 771088142B0B9CDD00771021 /* BeerController.swift */; };
		771088172B0B9FAA00771021 /* BeerStyles.swift in Sources */ = {isa = PBXBuildFile; fileRef = 771088162B0B9FAA00771021 /* BeerStyles.swift */; };
		771088192B0B9FD900771021 /* BeerCategory.swift in Sources */ = {isa = PBXBuildFile; fileRef = 771088182B0B9FD900771021 /* BeerCategory.swift */; };
		7710881B2B0B9FFE00771021 /* User.swift in Sources */ = {isa = PBXBuildFile; fileRef = 7710881A2B0B9FFE00771021 /* User.swift */; };
		7710881F2B0BAB5800771021 /* AppDelegate.swift in Sources */ = {isa = PBXBuildFile; fileRef = 7710881E2B0BAB5800771021 /* AppDelegate.swift */; };
		771088212B0BAC6100771021 /* TabBarController.swift in Sources */ = {isa = PBXBuildFile; fileRef = 771088202B0BAC6100771021 /* TabBarController.swift */; };
		771088272B0BB3E800771021 /* Main.storyboard in Resources */ = {isa = PBXBuildFile; fileRef = 771088262B0BB3E800771021 /* Main.storyboard */; };
		77B1A1572B0B6C0E00CF1EC5 /* App_CoursApp.swift in Sources */ = {isa = PBXBuildFile; fileRef = 77B1A1562B0B6C0E00CF1EC5 /* App_CoursApp.swift */; };
		77B1A1592B0B6C0E00CF1EC5 /* ContentView.swift in Sources */ = {isa = PBXBuildFile; fileRef = 77B1A1582B0B6C0E00CF1EC5 /* ContentView.swift */; };
		77B1A15B2B0B6C1000CF1EC5 /* Assets.xcassets in Resources */ = {isa = PBXBuildFile; fileRef = 77B1A15A2B0B6C1000CF1EC5 /* Assets.xcassets */; };
		77B1A15E2B0B6C1000CF1EC5 /* Preview Assets.xcassets in Resources */ = {isa = PBXBuildFile; fileRef = 77B1A15D2B0B6C1000CF1EC5 /* Preview Assets.xcassets */; };
/* End PBXBuildFile section */

/* Begin PBXFileReference section */
		771088122B0B9C1F00771021 /* Beer.swift */ = {isa = PBXFileReference; lastKnownFileType = sourcecode.swift; path = Beer.swift; sourceTree = "<group>"; };
		771088142B0B9CDD00771021 /* BeerController.swift */ = {isa = PBXFileReference; lastKnownFileType = sourcecode.swift; path = BeerController.swift; sourceTree = "<group>"; };
		771088162B0B9FAA00771021 /* BeerStyles.swift */ = {isa = PBXFileReference; lastKnownFileType = sourcecode.swift; path = BeerStyles.swift; sourceTree = "<group>"; };
		771088182B0B9FD900771021 /* BeerCategory.swift */ = {isa = PBXFileReference; lastKnownFileType = sourcecode.swift; path = BeerCategory.swift; sourceTree = "<group>"; };
		7710881A2B0B9FFE00771021 /* User.swift */ = {isa = PBXFileReference; lastKnownFileType = sourcecode.swift; path = User.swift; sourceTree = "<group>"; };
		7710881E2B0BAB5800771021 /* AppDelegate.swift */ = {isa = PBXFileReference; lastKnownFileType = sourcecode.swift; path = AppDelegate.swift; sourceTree = "<group>"; };
		771088202B0BAC6100771021 /* TabBarController.swift */ = {isa = PBXFileReference; lastKnownFileType = sourcecode.swift; path = TabBarController.swift; sourceTree = "<group>"; };
		771088262B0BB3E800771021 /* Main.storyboard */ = {isa = PBXFileReference; lastKnownFileType = file.storyboard; path = Main.storyboard; sourceTree = "<group>"; };
		77B1A1532B0B6C0E00CF1EC5 /* App Cours.app */ = {isa = PBXFileReference; explicitFileType = wrapper.application; includeInIndex = 0; path = "App Cours.app"; sourceTree = BUILT_PRODUCTS_DIR; };
		77B1A1562B0B6C0E00CF1EC5 /* App_CoursApp.swift */ = {isa = PBXFileReference; lastKnownFileType = sourcecode.swift; path = App_CoursApp.swift; sourceTree = "<group>"; };
		77B1A1582B0B6C0E00CF1EC5 /* ContentView.swift */ = {isa = PBXFileReference; lastKnownFileType = sourcecode.swift; path = ContentView.swift; sourceTree = "<group>"; };
		77B1A15A2B0B6C1000CF1EC5 /* Assets.xcassets */ = {isa = PBXFileReference; lastKnownFileType = folder.assetcatalog; path = Assets.xcassets; sourceTree = "<group>"; };
		77B1A15D2B0B6C1000CF1EC5 /* Preview Assets.xcassets */ = {isa = PBXFileReference; lastKnownFileType = folder.assetcatalog; path = "Preview Assets.xcassets"; sourceTree = "<group>"; };
/* End PBXFileReference section */

/* Begin PBXFrameworksBuildPhase section */
		77B1A1502B0B6C0E00CF1EC5 /* Frameworks */ = {
			isa = PBXFrameworksBuildPhase;
			buildActionMask = 2147483647;
			files = (
			);
			runOnlyForDeploymentPostprocessing = 0;
		};
/* End PBXFrameworksBuildPhase section */

/* Begin PBXGroup section */
		77B1A14A2B0B6C0E00CF1EC5 = {
			isa = PBXGroup;
			children = (
				77B1A1552B0B6C0E00CF1EC5 /* App Cours */,
				77B1A1542B0B6C0E00CF1EC5 /* Products */,
			);
			sourceTree = "<group>";
		};
		77B1A1542B0B6C0E00CF1EC5 /* Products */ = {
			isa = PBXGroup;
			children = (
				77B1A1532B0B6C0E00CF1EC5 /* App Cours.app */,
			);
			name = Products;
			sourceTree = "<group>";
		};
		77B1A1552B0B6C0E00CF1EC5 /* App Cours */ = {
			isa = PBXGroup;
			children = (
				77B1A1562B0B6C0E00CF1EC5 /* App_CoursApp.swift */,
				77B1A1582B0B6C0E00CF1EC5 /* ContentView.swift */,
				771088262B0BB3E800771021 /* Main.storyboard */,
				77B1A15A2B0B6C1000CF1EC5 /* Assets.xcassets */,
				77B1A15C2B0B6C1000CF1EC5 /* Preview Content */,
				771088122B0B9C1F00771021 /* Beer.swift */,
				771088142B0B9CDD00771021 /* BeerController.swift */,
				771088162B0B9FAA00771021 /* BeerStyles.swift */,
				771088182B0B9FD900771021 /* BeerCategory.swift */,
				7710881A2B0B9FFE00771021 /* User.swift */,
				7710881E2B0BAB5800771021 /* AppDelegate.swift */,
				771088202B0BAC6100771021 /* TabBarController.swift */,
			);
			path = "App Cours";
			sourceTree = "<group>";
		};
		77B1A15C2B0B6C1000CF1EC5 /* Preview Content */ = {
			isa = PBXGroup;
			children = (
				77B1A15D2B0B6C1000CF1EC5 /* Preview Assets.xcassets */,
			);
			path = "Preview Content";
			sourceTree = "<group>";
		};
/* End PBXGroup section */

/* Begin PBXNativeTarget section */
		77B1A1522B0B6C0E00CF1EC5 /* App Cours */ = {
			isa = PBXNativeTarget;
			buildConfigurationList = 77B1A1612B0B6C1000CF1EC5 /* Build configuration list for PBXNativeTarget "App Cours" */;
			buildPhases = (
				77B1A14F2B0B6C0E00CF1EC5 /* Sources */,
				77B1A1502B0B6C0E00CF1EC5 /* Frameworks */,
				77B1A1512B0B6C0E00CF1EC5 /* Resources */,
			);
			buildRules = (
			);
			dependencies = (
			);
			name = "App Cours";
			productName = "App Cours";
			productReference = 77B1A1532B0B6C0E00CF1EC5 /* App Cours.app */;
			productType = "com.apple.product-type.application";
		};
/* End PBXNativeTarget section */

/* Begin PBXProject section */
		77B1A14B2B0B6C0E00CF1EC5 /* Project object */ = {
			isa = PBXProject;
			attributes = {
				BuildIndependentTargetsInParallel = 1;
				LastSwiftUpdateCheck = 1500;
				LastUpgradeCheck = 1500;
				TargetAttributes = {
					77B1A1522B0B6C0E00CF1EC5 = {
						CreatedOnToolsVersion = 15.0.1;
					};
				};
			};
			buildConfigurationList = 77B1A14E2B0B6C0E00CF1EC5 /* Build configuration list for PBXProject "App Cours" */;
			compatibilityVersion = "Xcode 14.0";
			developmentRegion = en;
			hasScannedForEncodings = 0;
			knownRegions = (
				en,
				Base,
			);
			mainGroup = 77B1A14A2B0B6C0E00CF1EC5;
			productRefGroup = 77B1A1542B0B6C0E00CF1EC5 /* Products */;
			projectDirPath = "";
			projectRoot = "";
			targets = (
				77B1A1522B0B6C0E00CF1EC5 /* App Cours */,
			);
		};
/* End PBXProject section */

/* Begin PBXResourcesBuildPhase section */
		77B1A1512B0B6C0E00CF1EC5 /* Resources */ = {
			isa = PBXResourcesBuildPhase;
			buildActionMask = 2147483647;
			files = (
				771088272B0BB3E800771021 /* Main.storyboard in Resources */,
				77B1A15E2B0B6C1000CF1EC5 /* Preview Assets.xcassets in Resources */,
				77B1A15B2B0B6C1000CF1EC5 /* Assets.xcassets in Resources */,
			);
			runOnlyForDeploymentPostprocessing = 0;
		};
/* End PBXResourcesBuildPhase section */

/* Begin PBXSourcesBuildPhase section */
		77B1A14F2B0B6C0E00CF1EC5 /* Sources */ = {
			isa = PBXSourcesBuildPhase;
			buildActionMask = 2147483647;
			files = (
				7710881F2B0BAB5800771021 /* AppDelegate.swift in Sources */,
				771088152B0B9CDD00771021 /* BeerController.swift in Sources */,
				771088192B0B9FD900771021 /* BeerCategory.swift in Sources */,
				771088212B0BAC6100771021 /* TabBarController.swift in Sources */,
				77B1A1592B0B6C0E00CF1EC5 /* ContentView.swift in Sources */,
				771088172B0B9FAA00771021 /* BeerStyles.swift in Sources */,
				771088132B0B9C1F00771021 /* Beer.swift in Sources */,
				77B1A1572B0B6C0E00CF1EC5 /* App_CoursApp.swift in Sources */,
				7710881B2B0B9FFE00771021 /* User.swift in Sources */,
			);
			runOnlyForDeploymentPostprocessing = 0;
		};
/* End PBXSourcesBuildPhase section */

/* Begin XCBuildConfiguration section */
		77B1A15F2B0B6C1000CF1EC5 /* Debug */ = {
			isa = XCBuildConfiguration;
			buildSettings = {
				ALWAYS_SEARCH_USER_PATHS = NO;
				ASSETCATALOG_COMPILER_GENERATE_SWIFT_ASSET_SYMBOL_EXTENSIONS = YES;
				CLANG_ANALYZER_NONNULL = YES;
				CLANG_ANALYZER_NUMBER_OBJECT_CONVERSION = YES_AGGRESSIVE;
				CLANG_CXX_LANGUAGE_STANDARD = "gnu++20";
				CLANG_ENABLE_MODULES = YES;
				CLANG_ENABLE_OBJC_ARC = YES;
				CLANG_ENABLE_OBJC_WEAK = YES;
				CLANG_WARN_BLOCK_CAPTURE_AUTORELEASING = YES;
				CLANG_WARN_BOOL_CONVERSION = YES;
				CLANG_WARN_COMMA = YES;
				CLANG_WARN_CONSTANT_CONVERSION = YES;
				CLANG_WARN_DEPRECATED_OBJC_IMPLEMENTATIONS = YES;
				CLANG_WARN_DIRECT_OBJC_ISA_USAGE = YES_ERROR;
				CLANG_WARN_DOCUMENTATION_COMMENTS = YES;
				CLANG_WARN_EMPTY_BODY = YES;
				CLANG_WARN_ENUM_CONVERSION = YES;
				CLANG_WARN_INFINITE_RECURSION = YES;
				CLANG_WARN_INT_CONVERSION = YES;
				CLANG_WARN_NON_LITERAL_NULL_CONVERSION = YES;
				CLANG_WARN_OBJC_IMPLICIT_RETAIN_SELF = YES;
				CLANG_WARN_OBJC_LITERAL_CONVERSION = YES;
				CLANG_WARN_OBJC_ROOT_CLASS = YES_ERROR;
				CLANG_WARN_QUOTED_INCLUDE_IN_FRAMEWORK_HEADER = YES;
				CLANG_WARN_RANGE_LOOP_ANALYSIS = YES;
				CLANG_WARN_STRICT_PROTOTYPES = YES;
				CLANG_WARN_SUSPICIOUS_MOVE = YES;
				CLANG_WARN_UNGUARDED_AVAILABILITY = YES_AGGRESSIVE;
				CLANG_WARN_UNREACHABLE_CODE = YES;
				CLANG_WARN__DUPLICATE_METHOD_MATCH = YES;
				COPY_PHASE_STRIP = NO;
				DEBUG_INFORMATION_FORMAT = dwarf;
				ENABLE_STRICT_OBJC_MSGSEND = YES;
				ENABLE_TESTABILITY = YES;
				ENABLE_USER_SCRIPT_SANDBOXING = YES;
				GCC_C_LANGUAGE_STANDARD = gnu17;
				GCC_DYNAMIC_NO_PIC = NO;
				GCC_NO_COMMON_BLOCKS = YES;
				GCC_OPTIMIZATION_LEVEL = 0;
				GCC_PREPROCESSOR_DEFINITIONS = (
					"DEBUG=1",
					"$(inherited)",
				);
				GCC_WARN_64_TO_32_BIT_CONVERSION = YES;
				GCC_WARN_ABOUT_RETURN_TYPE = YES_ERROR;
				GCC_WARN_UNDECLARED_SELECTOR = YES;
				GCC_WARN_UNINITIALIZED_AUTOS = YES_AGGRESSIVE;
				GCC_WARN_UNUSED_FUNCTION = YES;
				GCC_WARN_UNUSED_VARIABLE = YES;
				IPHONEOS_DEPLOYMENT_TARGET = 17.0;
				LOCALIZATION_PREFERS_STRING_CATALOGS = YES;
				MTL_ENABLE_DEBUG_INFO = INCLUDE_SOURCE;
				MTL_FAST_MATH = YES;
				ONLY_ACTIVE_ARCH = YES;
				SDKROOT = iphoneos;
				SWIFT_ACTIVE_COMPILATION_CONDITIONS = "DEBUG $(inherited)";
				SWIFT_OPTIMIZATION_LEVEL = "-Onone";
			};
			name = Debug;
		};
		77B1A1602B0B6C1000CF1EC5 /* Release */ = {
			isa = XCBuildConfiguration;
			buildSettings = {
				ALWAYS_SEARCH_USER_PATHS = NO;
				ASSETCATALOG_COMPILER_GENERATE_SWIFT_ASSET_SYMBOL_EXTENSIONS = YES;
				CLANG_ANALYZER_NONNULL = YES;
				CLANG_ANALYZER_NUMBER_OBJECT_CONVERSION = YES_AGGRESSIVE;
				CLANG_CXX_LANGUAGE_STANDARD = "gnu++20";
				CLANG_ENABLE_MODULES = YES;
				CLANG_ENABLE_OBJC_ARC = YES;
				CLANG_ENABLE_OBJC_WEAK = YES;
				CLANG_WARN_BLOCK_CAPTURE_AUTORELEASING = YES;
				CLANG_WARN_BOOL_CONVERSION = YES;
				CLANG_WARN_COMMA = YES;
				CLANG_WARN_CONSTANT_CONVERSION = YES;
				CLANG_WARN_DEPRECATED_OBJC_IMPLEMENTATIONS = YES;
				CLANG_WARN_DIRECT_OBJC_ISA_USAGE = YES_ERROR;
				CLANG_WARN_DOCUMENTATION_COMMENTS = YES;
				CLANG_WARN_EMPTY_BODY = YES;
				CLANG_WARN_ENUM_CONVERSION = YES;
				CLANG_WARN_INFINITE_RECURSION = YES;
				CLANG_WARN_INT_CONVERSION = YES;
				CLANG_WARN_NON_LITERAL_NULL_CONVERSION = YES;
				CLANG_WARN_OBJC_IMPLICIT_RETAIN_SELF = YES;
				CLANG_WARN_OBJC_LITERAL_CONVERSION = YES;
				CLANG_WARN_OBJC_ROOT_CLASS = YES_ERROR;
				CLANG_WARN_QUOTED_INCLUDE_IN_FRAMEWORK_HEADER = YES;
				CLANG_WARN_RANGE_LOOP_ANALYSIS = YES;
				CLANG_WARN_STRICT_PROTOTYPES = YES;
				CLANG_WARN_SUSPICIOUS_MOVE = YES;
				CLANG_WARN_UNGUARDED_AVAILABILITY = YES_AGGRESSIVE;
				CLANG_WARN_UNREACHABLE_CODE = YES;
				CLANG_WARN__DUPLICATE_METHOD_MATCH = YES;
				COPY_PHASE_STRIP = NO;
				DEBUG_INFORMATION_FORMAT = "dwarf-with-dsym";
				ENABLE_NS_ASSERTIONS = NO;
				ENABLE_STRICT_OBJC_MSGSEND = YES;
				ENABLE_USER_SCRIPT_SANDBOXING = YES;
				GCC_C_LANGUAGE_STANDARD = gnu17;
				GCC_NO_COMMON_BLOCKS = YES;
				GCC_WARN_64_TO_32_BIT_CONVERSION = YES;
				GCC_WARN_ABOUT_RETURN_TYPE = YES_ERROR;
				GCC_WARN_UNDECLARED_SELECTOR = YES;
				GCC_WARN_UNINITIALIZED_AUTOS = YES_AGGRESSIVE;
				GCC_WARN_UNUSED_FUNCTION = YES;
				GCC_WARN_UNUSED_VARIABLE = YES;
				IPHONEOS_DEPLOYMENT_TARGET = 17.0;
				LOCALIZATION_PREFERS_STRING_CATALOGS = YES;
				MTL_ENABLE_DEBUG_INFO = NO;
				MTL_FAST_MATH = YES;
				SDKROOT = iphoneos;
				SWIFT_COMPILATION_MODE = wholemodule;
				VALIDATE_PRODUCT = YES;
			};
			name = Release;
		};
		77B1A1622B0B6C1000CF1EC5 /* Debug */ = {
			isa = XCBuildConfiguration;
			buildSettings = {
				ASSETCATALOG_COMPILER_APPICON_NAME = AppIcon;
				ASSETCATALOG_COMPILER_GLOBAL_ACCENT_COLOR_NAME = AccentColor;
				CODE_SIGN_STYLE = Automatic;
				CURRENT_PROJECT_VERSION = 1;
				DEVELOPMENT_ASSET_PATHS = "\"App Cours/Preview Content\"";
				DEVELOPMENT_TEAM = APA7Y3S7MS;
				ENABLE_PREVIEWS = YES;
				GENERATE_INFOPLIST_FILE = YES;
				INFOPLIST_KEY_UIApplicationSceneManifest_Generation = YES;
				INFOPLIST_KEY_UIApplicationSupportsIndirectInputEvents = YES;
				INFOPLIST_KEY_UILaunchScreen_Generation = YES;
				INFOPLIST_KEY_UISupportedInterfaceOrientations_iPad = "UIInterfaceOrientationPortrait UIInterfaceOrientationPortraitUpsideDown UIInterfaceOrientationLandscapeLeft UIInterfaceOrientationLandscapeRight";
				INFOPLIST_KEY_UISupportedInterfaceOrientations_iPhone = "UIInterfaceOrientationPortrait UIInterfaceOrientationLandscapeLeft UIInterfaceOrientationLandscapeRight";
				LD_RUNPATH_SEARCH_PATHS = (
					"$(inherited)",
					"@executable_path/Frameworks",
				);
				MARKETING_VERSION = 1.0;
				PRODUCT_BUNDLE_IDENTIFIER = "BLANCHARDAxel.App-Cours";
				PRODUCT_NAME = "$(TARGET_NAME)";
				SWIFT_EMIT_LOC_STRINGS = YES;
				SWIFT_VERSION = 5.0;
				TARGETED_DEVICE_FAMILY = "1,2";
			};
			name = Debug;
		};
		77B1A1632B0B6C1000CF1EC5 /* Release */ = {
			isa = XCBuildConfiguration;
			buildSettings = {
				ASSETCATALOG_COMPILER_APPICON_NAME = AppIcon;
				ASSETCATALOG_COMPILER_GLOBAL_ACCENT_COLOR_NAME = AccentColor;
				CODE_SIGN_STYLE = Automatic;
				CURRENT_PROJECT_VERSION = 1;
				DEVELOPMENT_ASSET_PATHS = "\"App Cours/Preview Content\"";
				DEVELOPMENT_TEAM = APA7Y3S7MS;
				ENABLE_PREVIEWS = YES;
				GENERATE_INFOPLIST_FILE = YES;
				INFOPLIST_KEY_UIApplicationSceneManifest_Generation = YES;
				INFOPLIST_KEY_UIApplicationSupportsIndirectInputEvents = YES;
				INFOPLIST_KEY_UILaunchScreen_Generation = YES;
				INFOPLIST_KEY_UISupportedInterfaceOrientations_iPad = "UIInterfaceOrientationPortrait UIInterfaceOrientationPortraitUpsideDown UIInterfaceOrientationLandscapeLeft UIInterfaceOrientationLandscapeRight";
				INFOPLIST_KEY_UISupportedInterfaceOrientations_iPhone = "UIInterfaceOrientationPortrait UIInterfaceOrientationLandscapeLeft UIInterfaceOrientationLandscapeRight";
				LD_RUNPATH_SEARCH_PATHS = (
					"$(inherited)",
					"@executable_path/Frameworks",
				);
				MARKETING_VERSION = 1.0;
				PRODUCT_BUNDLE_IDENTIFIER = "BLANCHARDAxel.App-Cours";
				PRODUCT_NAME = "$(TARGET_NAME)";
				SWIFT_EMIT_LOC_STRINGS = YES;
				SWIFT_VERSION = 5.0;
				TARGETED_DEVICE_FAMILY = "1,2";
			};
			name = Release;
		};
/* End XCBuildConfiguration section */

/* Begin XCConfigurationList section */
		77B1A14E2B0B6C0E00CF1EC5 /* Build configuration list for PBXProject "App Cours" */ = {
			isa = XCConfigurationList;
			buildConfigurations = (
				77B1A15F2B0B6C1000CF1EC5 /* Debug */,
				77B1A1602B0B6C1000CF1EC5 /* Release */,
			);
			defaultConfigurationIsVisible = 0;
			defaultConfigurationName = Release;
		};
		77B1A1612B0B6C1000CF1EC5 /* Build configuration list for PBXNativeTarget "App Cours" */ = {
			isa = XCConfigurationList;
			buildConfigurations = (
				77B1A1622B0B6C1000CF1EC5 /* Debug */,
				77B1A1632B0B6C1000CF1EC5 /* Release */,
			);
			defaultConfigurationIsVisible = 0;
			defaultConfigurationName = Release;
		};
/* End XCConfigurationList section */
	};
	rootObject = 77B1A14B2B0B6C0E00CF1EC5 /* Project object */;
}
